
Microsoft Visual Studio Solution File, Format Version 12.00
# Visual Studio Version 16
VisualStudioVersion = 16.0.29806.167
MinimumVisualStudioVersion = 10.0.40219.1
Project("{FAE04EC0-301F-11D3-BF4B-00C04F79EFBC}") = "ExerciseShapes", "ExerciseShapes\ExerciseShapes.csproj", "{C3E299C8-9066-48EC-BFB9-6AE81179F8DB}"
EndProject
Global
	GlobalSection(SolutionConfigurationPlatforms) = preSolution
		Debug|Any CPU = Debug|Any CPU
		Release|Any CPU = Release|Any CPU
	EndGlobalSection
	GlobalSection(ProjectConfigurationPlatforms) = postSolution
		{C3E299C8-9066-48EC-BFB9-6AE81179F8DB}.Debug|Any CPU.ActiveCfg = Debug|Any CPU
		{C3E299C8-9066-48EC-BFB9-6AE81179F8DB}.Debug|Any CPU.Build.0 = Debug|Any CPU
		{C3E299C8-9066-48EC-BFB9-6AE81179F8DB}.Release|Any CPU.ActiveCfg = Release|Any CPU
		{C3E299C8-9066-48EC-BFB9-6AE81179F8DB}.Release|Any CPU.Build.0 = Release|Any CPU
	EndGlobalSection
	GlobalSection(SolutionProperties) = preSolution
		HideSolutionNode = FALSE
	EndGlobalSection
	GlobalSection(ExtensibilityGlobals) = postSolution
		SolutionGuid = {D05599CA-AF9C-401C-B447-34C5496F4BDA}
	EndGlobalSection
EndGlobal
