
Microsoft Visual Studio Solution File, Format Version 12.00
# Visual Studio Version 16
VisualStudioVersion = 16.0.29806.167
MinimumVisualStudioVersion = 10.0.40219.1
Project("{FAE04EC0-301F-11D3-BF4B-00C04F79EFBC}") = "09.02_Finalizace", "09.02_Finalizace\09.02_Finalizace.csproj", "{1C7CC945-C822-47A0-9DD8-57DD741ECB14}"
EndProject
Global
	GlobalSection(SolutionConfigurationPlatforms) = preSolution
		Debug|Any CPU = Debug|Any CPU
		Release|Any CPU = Release|Any CPU
	EndGlobalSection
	GlobalSection(ProjectConfigurationPlatforms) = postSolution
		{1C7CC945-C822-47A0-9DD8-57DD741ECB14}.Debug|Any CPU.ActiveCfg = Debug|Any CPU
		{1C7CC945-C822-47A0-9DD8-57DD741ECB14}.Debug|Any CPU.Build.0 = Debug|Any CPU
		{1C7CC945-C822-47A0-9DD8-57DD741ECB14}.Release|Any CPU.ActiveCfg = Release|Any CPU
		{1C7CC945-C822-47A0-9DD8-57DD741ECB14}.Release|Any CPU.Build.0 = Release|Any CPU
	EndGlobalSection
	GlobalSection(SolutionProperties) = preSolution
		HideSolutionNode = FALSE
	EndGlobalSection
	GlobalSection(ExtensibilityGlobals) = postSolution
		SolutionGuid = {C20568A7-14C4-4A81-B02D-3CEFFDECDE2C}
	EndGlobalSection
EndGlobal
